
Microsoft Visual Studio Solution File, Format Version 12.00
# Visual Studio Version 17
VisualStudioVersion = 17.11.35219.272
MinimumVisualStudioVersion = 10.0.40219.1
Project("{FAE04EC0-301F-11D3-BF4B-00C04F79EFBC}") = "VigadeOtsing", "VigadeOtsing.csproj", "{DE777BD2-CF65-4BDB-BB9F-B8927F1838C8}"
EndProject
Global
	GlobalSection(SolutionConfigurationPlatforms) = preSolution
		Debug|Any CPU = Debug|Any CPU
		Release|Any CPU = Release|Any CPU
	EndGlobalSection
	GlobalSection(ProjectConfigurationPlatforms) = postSolution
		{DE777BD2-CF65-4BDB-BB9F-B8927F1838C8}.Debug|Any CPU.ActiveCfg = Debug|Any CPU
		{DE777BD2-CF65-4BDB-BB9F-B8927F1838C8}.Debug|Any CPU.Build.0 = Debug|Any CPU
		{DE777BD2-CF65-4BDB-BB9F-B8927F1838C8}.Release|Any CPU.ActiveCfg = Release|Any CPU
		{DE777BD2-CF65-4BDB-BB9F-B8927F1838C8}.Release|Any CPU.Build.0 = Release|Any CPU
	EndGlobalSection
	GlobalSection(SolutionProperties) = preSolution
		HideSolutionNode = FALSE
	EndGlobalSection
	GlobalSection(ExtensibilityGlobals) = postSolution
		SolutionGuid = {49B0B618-1CAD-41D6-AFFE-00541C16B983}
	EndGlobalSection
EndGlobal
